
Microsoft Visual Studio Solution File, Format Version 12.00
# Visual Studio Version 16
VisualStudioVersion = 16.0.29418.71
MinimumVisualStudioVersion = 10.0.40219.1
Project("{FAE04EC0-301F-11D3-BF4B-00C04F79EFBC}") = "Covid19", "Covid19\Covid19.csproj", "{B7FFA6A6-5D5F-41BF-940E-485082B6C9EC}"
EndProject
Global
	GlobalSection(SolutionConfigurationPlatforms) = preSolution
		Debug|Any CPU = Debug|Any CPU
		Release|Any CPU = Release|Any CPU
	EndGlobalSection
	GlobalSection(ProjectConfigurationPlatforms) = postSolution
		{B7FFA6A6-5D5F-41BF-940E-485082B6C9EC}.Debug|Any CPU.ActiveCfg = Debug|Any CPU
		{B7FFA6A6-5D5F-41BF-940E-485082B6C9EC}.Debug|Any CPU.Build.0 = Debug|Any CPU
		{B7FFA6A6-5D5F-41BF-940E-485082B6C9EC}.Release|Any CPU.ActiveCfg = Release|Any CPU
		{B7FFA6A6-5D5F-41BF-940E-485082B6C9EC}.Release|Any CPU.Build.0 = Release|Any CPU
	EndGlobalSection
	GlobalSection(SolutionProperties) = preSolution
		HideSolutionNode = FALSE
	EndGlobalSection
	GlobalSection(ExtensibilityGlobals) = postSolution
		SolutionGuid = {EF1DBB9B-34AC-45E5-A066-72DA8F9404D9}
	EndGlobalSection
EndGlobal
